{
  "name": "queserademi",
  "version": "1.0.0",
  "lockfileVersion": 1,
  "requires": true,
  "dependencies": {
    "highcharts": {
      "version": "6.0.4",
      "resolved": "https://registry.npmjs.org/highcharts/-/highcharts-6.0.4.tgz",
      "integrity": "sha512-NCcqc2Qu9NoBX0coVbxTckVte4eDmobfHg9mwPsqd1v92Wizs5ygYX9NvkYW2l7xMkkxkApgamNW39cNkonNmw=="
    }
  }
}
